// !$*UTF8*$!
{
	archiveVersion = 1;
	classes = {
	};
	objectVersion = 50;
	objects = {

/* Begin PBXBuildFile section */
		1E978328228E3A9800182E5D /* GoogleService-Info.plist in Resources */ = {isa = PBXBuildFile; fileRef = 1E978327228E3A9800182E5D /* GoogleService-Info.plist */; };
		1E9AF90A225D931000017100 /* quizQuestions.json in Resources */ = {isa = PBXBuildFile; fileRef = 1E9AF909225D931000017100 /* quizQuestions.json */; };
		1EEA0D8D228E4B45000C68C4 /* Assets.xcassets in Resources */ = {isa = PBXBuildFile; fileRef = 1EEA0D8C228E4B45000C68C4 /* Assets.xcassets */; };
		1EEA0D91228E51E9000C68C4 /* LoginTableViewController.swift in Sources */ = {isa = PBXBuildFile; fileRef = 1EEA0D90228E51E9000C68C4 /* LoginTableViewController.swift */; };
		1EEA0D93228E5435000C68C4 /* CadastroTableViewController.swift in Sources */ = {isa = PBXBuildFile; fileRef = 1EEA0D92228E5435000C68C4 /* CadastroTableViewController.swift */; };
		1EEE4070225D5A0C00D379C8 /* AppDelegate.swift in Sources */ = {isa = PBXBuildFile; fileRef = 1EEE406F225D5A0C00D379C8 /* AppDelegate.swift */; };
		1EEE4072225D5A0C00D379C8 /* ViewController.swift in Sources */ = {isa = PBXBuildFile; fileRef = 1EEE4071225D5A0C00D379C8 /* ViewController.swift */; };
		1EEE4075225D5A0C00D379C8 /* Main.storyboard in Resources */ = {isa = PBXBuildFile; fileRef = 1EEE4073225D5A0C00D379C8 /* Main.storyboard */; };
		1EEE407A225D5A0F00D379C8 /* LaunchScreen.storyboard in Resources */ = {isa = PBXBuildFile; fileRef = 1EEE4078225D5A0F00D379C8 /* LaunchScreen.storyboard */; };
		1EEE4085225D5A5700D379C8 /* QuizClasses.swift in Sources */ = {isa = PBXBuildFile; fileRef = 1EEE4084225D5A5700D379C8 /* QuizClasses.swift */; };
		E68C8BFD16C4C73EA4AB40D8 /* Pods_TIQuiz.framework in Frameworks */ = {isa = PBXBuildFile; fileRef = 1E2EA1E4D25990F8ECC801AF /* Pods_TIQuiz.framework */; };
/* End PBXBuildFile section */

/* Begin PBXFileReference section */
		0F9BE00DED4DE9B747287866 /* Pods-TIQuiz.debug.xcconfig */ = {isa = PBXFileReference; includeInIndex = 1; lastKnownFileType = text.xcconfig; name = "Pods-TIQuiz.debug.xcconfig"; path = "Target Support Files/Pods-TIQuiz/Pods-TIQuiz.debug.xcconfig"; sourceTree = "<group>"; };
		1E2EA1E4D25990F8ECC801AF /* Pods_TIQuiz.framework */ = {isa = PBXFileReference; explicitFileType = wrapper.framework; includeInIndex = 0; path = Pods_TIQuiz.framework; sourceTree = BUILT_PRODUCTS_DIR; };
		1E978327228E3A9800182E5D /* GoogleService-Info.plist */ = {isa = PBXFileReference; fileEncoding = 4; lastKnownFileType = text.plist.xml; name = "GoogleService-Info.plist"; path = "../../../../../Downloads/GoogleService-Info.plist"; sourceTree = "<group>"; };
		1E9AF909225D931000017100 /* quizQuestions.json */ = {isa = PBXFileReference; fileEncoding = 4; lastKnownFileType = text.json; path = quizQuestions.json; sourceTree = "<group>"; };
		1EEA0D8C228E4B45000C68C4 /* Assets.xcassets */ = {isa = PBXFileReference; lastKnownFileType = folder.assetcatalog; path = Assets.xcassets; sourceTree = "<group>"; };
		1EEA0D90228E51E9000C68C4 /* LoginTableViewController.swift */ = {isa = PBXFileReference; lastKnownFileType = sourcecode.swift; path = LoginTableViewController.swift; sourceTree = "<group>"; };
		1EEA0D92228E5435000C68C4 /* CadastroTableViewController.swift */ = {isa = PBXFileReference; lastKnownFileType = sourcecode.swift; path = CadastroTableViewController.swift; sourceTree = "<group>"; };
		1EEE406C225D5A0C00D379C8 /* TIQuiz.app */ = {isa = PBXFileReference; explicitFileType = wrapper.application; includeInIndex = 0; path = TIQuiz.app; sourceTree = BUILT_PRODUCTS_DIR; };
		1EEE406F225D5A0C00D379C8 /* AppDelegate.swift */ = {isa = PBXFileReference; lastKnownFileType = sourcecode.swift; path = AppDelegate.swift; sourceTree = "<group>"; };
		1EEE4071225D5A0C00D379C8 /* ViewController.swift */ = {isa = PBXFileReference; lastKnownFileType = sourcecode.swift; path = ViewController.swift; sourceTree = "<group>"; };
		1EEE4074225D5A0C00D379C8 /* Base */ = {isa = PBXFileReference; lastKnownFileType = file.storyboard; name = Base; path = Base.lproj/Main.storyboard; sourceTree = "<group>"; };
		1EEE4079225D5A0F00D379C8 /* Base */ = {isa = PBXFileReference; lastKnownFileType = file.storyboard; name = Base; path = Base.lproj/LaunchScreen.storyboard; sourceTree = "<group>"; };
		1EEE407B225D5A0F00D379C8 /* Info.plist */ = {isa = PBXFileReference; lastKnownFileType = text.plist.xml; path = Info.plist; sourceTree = "<group>"; };
		1EEE4084225D5A5700D379C8 /* QuizClasses.swift */ = {isa = PBXFileReference; lastKnownFileType = sourcecode.swift; path = QuizClasses.swift; sourceTree = "<group>"; };
		A29AB416D507B30D2989B129 /* Pods-TIQuiz.release.xcconfig */ = {isa = PBXFileReference; includeInIndex = 1; lastKnownFileType = text.xcconfig; name = "Pods-TIQuiz.release.xcconfig"; path = "Target Support Files/Pods-TIQuiz/Pods-TIQuiz.release.xcconfig"; sourceTree = "<group>"; };
/* End PBXFileReference section */

/* Begin PBXFrameworksBuildPhase section */
		1EEE4069225D5A0C00D379C8 /* Frameworks */ = {
			isa = PBXFrameworksBuildPhase;
			buildActionMask = 2147483647;
			files = (
				E68C8BFD16C4C73EA4AB40D8 /* Pods_TIQuiz.framework in Frameworks */,
			);
			runOnlyForDeploymentPostprocessing = 0;
		};
/* End PBXFrameworksBuildPhase section */

/* Begin PBXGroup section */
		1EEE4063225D5A0C00D379C8 = {
			isa = PBXGroup;
			children = (
				1EEE406E225D5A0C00D379C8 /* TIQuiz */,
				1EEE406D225D5A0C00D379C8 /* Products */,
				B30F2918C519D77FD9A83B67 /* Pods */,
				6AD6C310D92B12058E92C9D2 /* Frameworks */,
			);
			sourceTree = "<group>";
		};
		1EEE406D225D5A0C00D379C8 /* Products */ = {
			isa = PBXGroup;
			children = (
				1EEE406C225D5A0C00D379C8 /* TIQuiz.app */,
			);
			name = Products;
			sourceTree = "<group>";
		};
		1EEE406E225D5A0C00D379C8 /* TIQuiz */ = {
			isa = PBXGroup;
			children = (
				1EEA0D8C228E4B45000C68C4 /* Assets.xcassets */,
				1EEE4086225D5F6100D379C8 /* Files */,
				1EEE4083225D5A3B00D379C8 /* Views */,
				1EEE4082225D5A2100D379C8 /* Controllers */,
				1EEE4081225D5A1B00D379C8 /* Models */,
				1EEE406F225D5A0C00D379C8 /* AppDelegate.swift */,
				1EEE407B225D5A0F00D379C8 /* Info.plist */,
				1E978327228E3A9800182E5D /* GoogleService-Info.plist */,
			);
			path = TIQuiz;
			sourceTree = "<group>";
		};
		1EEE4081225D5A1B00D379C8 /* Models */ = {
			isa = PBXGroup;
			children = (
				1EEE4084225D5A5700D379C8 /* QuizClasses.swift */,
			);
			path = Models;
			sourceTree = "<group>";
		};
		1EEE4082225D5A2100D379C8 /* Controllers */ = {
			isa = PBXGroup;
			children = (
				1EEE4071225D5A0C00D379C8 /* ViewController.swift */,
				1EEA0D90228E51E9000C68C4 /* LoginTableViewController.swift */,
				1EEA0D92228E5435000C68C4 /* CadastroTableViewController.swift */,
			);
			path = Controllers;
			sourceTree = "<group>";
		};
		1EEE4083225D5A3B00D379C8 /* Views */ = {
			isa = PBXGroup;
			children = (
				1EEE4073225D5A0C00D379C8 /* Main.storyboard */,
				1EEE4078225D5A0F00D379C8 /* LaunchScreen.storyboard */,
			);
			path = Views;
			sourceTree = "<group>";
		};
		1EEE4086225D5F6100D379C8 /* Files */ = {
			isa = PBXGroup;
			children = (
				1E9AF909225D931000017100 /* quizQuestions.json */,
			);
			path = Files;
			sourceTree = "<group>";
		};
		6AD6C310D92B12058E92C9D2 /* Frameworks */ = {
			isa = PBXGroup;
			children = (
				1E2EA1E4D25990F8ECC801AF /* Pods_TIQuiz.framework */,
			);
			name = Frameworks;
			sourceTree = "<group>";
		};
		B30F2918C519D77FD9A83B67 /* Pods */ = {
			isa = PBXGroup;
			children = (
				0F9BE00DED4DE9B747287866 /* Pods-TIQuiz.debug.xcconfig */,
				A29AB416D507B30D2989B129 /* Pods-TIQuiz.release.xcconfig */,
			);
			path = Pods;
			sourceTree = "<group>";
		};
/* End PBXGroup section */

/* Begin PBXNativeTarget section */
		1EEE406B225D5A0C00D379C8 /* TIQuiz */ = {
			isa = PBXNativeTarget;
			buildConfigurationList = 1EEE407E225D5A0F00D379C8 /* Build configuration list for PBXNativeTarget "TIQuiz" */;
			buildPhases = (
				BEFD3B184256A77EEED05AF4 /* [CP] Check Pods Manifest.lock */,
				1EEE4068225D5A0C00D379C8 /* Sources */,
				1EEE4069225D5A0C00D379C8 /* Frameworks */,
				1EEE406A225D5A0C00D379C8 /* Resources */,
				1C3DE09FB9B6D36079828985 /* [CP] Embed Pods Frameworks */,
			);
			buildRules = (
			);
			dependencies = (
			);
			name = TIQuiz;
			productName = TIQuiz;
			productReference = 1EEE406C225D5A0C00D379C8 /* TIQuiz.app */;
			productType = "com.apple.product-type.application";
		};
/* End PBXNativeTarget section */

/* Begin PBXProject section */
		1EEE4064225D5A0C00D379C8 /* Project object */ = {
			isa = PBXProject;
			attributes = {
				LastSwiftUpdateCheck = 1020;
				LastUpgradeCheck = 1020;
				ORGANIZATIONNAME = "Andreza Moreira";
				TargetAttributes = {
					1EEE406B225D5A0C00D379C8 = {
						CreatedOnToolsVersion = 10.2;
					};
				};
			};
			buildConfigurationList = 1EEE4067225D5A0C00D379C8 /* Build configuration list for PBXProject "TIQuiz" */;
			compatibilityVersion = "Xcode 9.3";
			developmentRegion = en;
			hasScannedForEncodings = 0;
			knownRegions = (
				en,
				Base,
			);
			mainGroup = 1EEE4063225D5A0C00D379C8;
			productRefGroup = 1EEE406D225D5A0C00D379C8 /* Products */;
			projectDirPath = "";
			projectRoot = "";
			targets = (
				1EEE406B225D5A0C00D379C8 /* TIQuiz */,
			);
		};
/* End PBXProject section */

/* Begin PBXResourcesBuildPhase section */
		1EEE406A225D5A0C00D379C8 /* Resources */ = {
			isa = PBXResourcesBuildPhase;
			buildActionMask = 2147483647;
			files = (
				1EEE407A225D5A0F00D379C8 /* LaunchScreen.storyboard in Resources */,
				1E978328228E3A9800182E5D /* GoogleService-Info.plist in Resources */,
				1E9AF90A225D931000017100 /* quizQuestions.json in Resources */,
				1EEE4075225D5A0C00D379C8 /* Main.storyboard in Resources */,
				1EEA0D8D228E4B45000C68C4 /* Assets.xcassets in Resources */,
			);
			runOnlyForDeploymentPostprocessing = 0;
		};
/* End PBXResourcesBuildPhase section */

/* Begin PBXShellScriptBuildPhase section */
		1C3DE09FB9B6D36079828985 /* [CP] Embed Pods Frameworks */ = {
			isa = PBXShellScriptBuildPhase;
			buildActionMask = 2147483647;
			files = (
			);
			inputFileListPaths = (
			);
			inputPaths = (
				"${PODS_ROOT}/Target Support Files/Pods-TIQuiz/Pods-TIQuiz-frameworks.sh",
				"${BUILT_PRODUCTS_DIR}/Alamofire/Alamofire.framework",
				"${BUILT_PRODUCTS_DIR}/GTMSessionFetcher/GTMSessionFetcher.framework",
				"${BUILT_PRODUCTS_DIR}/GoogleUtilities/GoogleUtilities.framework",
				"${BUILT_PRODUCTS_DIR}/nanopb/nanopb.framework",
			);
			name = "[CP] Embed Pods Frameworks";
			outputFileListPaths = (
			);
			outputPaths = (
				"${TARGET_BUILD_DIR}/${FRAMEWORKS_FOLDER_PATH}/Alamofire.framework",
				"${TARGET_BUILD_DIR}/${FRAMEWORKS_FOLDER_PATH}/GTMSessionFetcher.framework",
				"${TARGET_BUILD_DIR}/${FRAMEWORKS_FOLDER_PATH}/GoogleUtilities.framework",
				"${TARGET_BUILD_DIR}/${FRAMEWORKS_FOLDER_PATH}/nanopb.framework",
			);
			runOnlyForDeploymentPostprocessing = 0;
			shellPath = /bin/sh;
			shellScript = "\"${PODS_ROOT}/Target Support Files/Pods-TIQuiz/Pods-TIQuiz-frameworks.sh\"\n";
			showEnvVarsInLog = 0;
		};
		BEFD3B184256A77EEED05AF4 /* [CP] Check Pods Manifest.lock */ = {
			isa = PBXShellScriptBuildPhase;
			buildActionMask = 2147483647;
			files = (
			);
			inputFileListPaths = (
			);
			inputPaths = (
				"${PODS_PODFILE_DIR_PATH}/Podfile.lock",
				"${PODS_ROOT}/Manifest.lock",
			);
			name = "[CP] Check Pods Manifest.lock";
			outputFileListPaths = (
			);
			outputPaths = (
				"$(DERIVED_FILE_DIR)/Pods-TIQuiz-checkManifestLockResult.txt",
			);
			runOnlyForDeploymentPostprocessing = 0;
			shellPath = /bin/sh;
			shellScript = "diff \"${PODS_PODFILE_DIR_PATH}/Podfile.lock\" \"${PODS_ROOT}/Manifest.lock\" > /dev/null\nif [ $? != 0 ] ; then\n    # print error to STDERR\n    echo \"error: The sandbox is not in sync with the Podfile.lock. Run 'pod install' or update your CocoaPods installation.\" >&2\n    exit 1\nfi\n# This output is used by Xcode 'outputs' to avoid re-running this script phase.\necho \"SUCCESS\" > \"${SCRIPT_OUTPUT_FILE_0}\"\n";
			showEnvVarsInLog = 0;
		};
/* End PBXShellScriptBuildPhase section */

/* Begin PBXSourcesBuildPhase section */
		1EEE4068225D5A0C00D379C8 /* Sources */ = {
			isa = PBXSourcesBuildPhase;
			buildActionMask = 2147483647;
			files = (
				1EEA0D93228E5435000C68C4 /* CadastroTableViewController.swift in Sources */,
				1EEE4072225D5A0C00D379C8 /* ViewController.swift in Sources */,
				1EEA0D91228E51E9000C68C4 /* LoginTableViewController.swift in Sources */,
				1EEE4085225D5A5700D379C8 /* QuizClasses.swift in Sources */,
				1EEE4070225D5A0C00D379C8 /* AppDelegate.swift in Sources */,
			);
			runOnlyForDeploymentPostprocessing = 0;
		};
/* End PBXSourcesBuildPhase section */

/* Begin PBXVariantGroup section */
		1EEE4073225D5A0C00D379C8 /* Main.storyboard */ = {
			isa = PBXVariantGroup;
			children = (
				1EEE4074225D5A0C00D379C8 /* Base */,
			);
			name = Main.storyboard;
			sourceTree = "<group>";
		};
		1EEE4078225D5A0F00D379C8 /* LaunchScreen.storyboard */ = {
			isa = PBXVariantGroup;
			children = (
				1EEE4079225D5A0F00D379C8 /* Base */,
			);
			name = LaunchScreen.storyboard;
			sourceTree = "<group>";
		};
/* End PBXVariantGroup section */

/* Begin XCBuildConfiguration section */
		1EEE407C225D5A0F00D379C8 /* Debug */ = {
			isa = XCBuildConfiguration;
			buildSettings = {
				ALWAYS_SEARCH_USER_PATHS = NO;
				CLANG_ANALYZER_NONNULL = YES;
				CLANG_ANALYZER_NUMBER_OBJECT_CONVERSION = YES_AGGRESSIVE;
				CLANG_CXX_LANGUAGE_STANDARD = "gnu++14";
				CLANG_CXX_LIBRARY = "libc++";
				CLANG_ENABLE_MODULES = YES;
				CLANG_ENABLE_OBJC_ARC = YES;
				CLANG_ENABLE_OBJC_WEAK = YES;
				CLANG_WARN_BLOCK_CAPTURE_AUTORELEASING = YES;
				CLANG_WARN_BOOL_CONVERSION = YES;
				CLANG_WARN_COMMA = YES;
				CLANG_WARN_CONSTANT_CONVERSION = YES;
				CLANG_WARN_DEPRECATED_OBJC_IMPLEMENTATIONS = YES;
				CLANG_WARN_DIRECT_OBJC_ISA_USAGE = YES_ERROR;
				CLANG_WARN_DOCUMENTATION_COMMENTS = YES;
				CLANG_WARN_EMPTY_BODY = YES;
				CLANG_WARN_ENUM_CONVERSION = YES;
				CLANG_WARN_INFINITE_RECURSION = YES;
				CLANG_WARN_INT_CONVERSION = YES;
				CLANG_WARN_NON_LITERAL_NULL_CONVERSION = YES;
				CLANG_WARN_OBJC_IMPLICIT_RETAIN_SELF = YES;
				CLANG_WARN_OBJC_LITERAL_CONVERSION = YES;
				CLANG_WARN_OBJC_ROOT_CLASS = YES_ERROR;
				CLANG_WARN_RANGE_LOOP_ANALYSIS = YES;
				CLANG_WARN_STRICT_PROTOTYPES = YES;
				CLANG_WARN_SUSPICIOUS_MOVE = YES;
				CLANG_WARN_UNGUARDED_AVAILABILITY = YES_AGGRESSIVE;
				CLANG_WARN_UNREACHABLE_CODE = YES;
				CLANG_WARN__DUPLICATE_METHOD_MATCH = YES;
				CODE_SIGN_IDENTITY = "iPhone Developer";
				COPY_PHASE_STRIP = NO;
				DEBUG_INFORMATION_FORMAT = dwarf;
				ENABLE_STRICT_OBJC_MSGSEND = YES;
				ENABLE_TESTABILITY = YES;
				GCC_C_LANGUAGE_STANDARD = gnu11;
				GCC_DYNAMIC_NO_PIC = NO;
				GCC_NO_COMMON_BLOCKS = YES;
				GCC_OPTIMIZATION_LEVEL = 0;
				GCC_PREPROCESSOR_DEFINITIONS = (
					"DEBUG=1",
					"$(inherited)",
				);
				GCC_WARN_64_TO_32_BIT_CONVERSION = YES;
				GCC_WARN_ABOUT_RETURN_TYPE = YES_ERROR;
				GCC_WARN_UNDECLARED_SELECTOR = YES;
				GCC_WARN_UNINITIALIZED_AUTOS = YES_AGGRESSIVE;
				GCC_WARN_UNUSED_FUNCTION = YES;
				GCC_WARN_UNUSED_VARIABLE = YES;
				IPHONEOS_DEPLOYMENT_TARGET = 12.2;
				MTL_ENABLE_DEBUG_INFO = INCLUDE_SOURCE;
				MTL_FAST_MATH = YES;
				ONLY_ACTIVE_ARCH = YES;
				SDKROOT = iphoneos;
				SWIFT_ACTIVE_COMPILATION_CONDITIONS = DEBUG;
				SWIFT_OPTIMIZATION_LEVEL = "-Onone";
			};
			name = Debug;
		};
		1EEE407D225D5A0F00D379C8 /* Release */ = {
			isa = XCBuildConfiguration;
			buildSettings = {
				ALWAYS_SEARCH_USER_PATHS = NO;
				CLANG_ANALYZER_NONNULL = YES;
				CLANG_ANALYZER_NUMBER_OBJECT_CONVERSION = YES_AGGRESSIVE;
				CLANG_CXX_LANGUAGE_STANDARD = "gnu++14";
				CLANG_CXX_LIBRARY = "libc++";
				CLANG_ENABLE_MODULES = YES;
				CLANG_ENABLE_OBJC_ARC = YES;
				CLANG_ENABLE_OBJC_WEAK = YES;
				CLANG_WARN_BLOCK_CAPTURE_AUTORELEASING = YES;
				CLANG_WARN_BOOL_CONVERSION = YES;
				CLANG_WARN_COMMA = YES;
				CLANG_WARN_CONSTANT_CONVERSION = YES;
				CLANG_WARN_DEPRECATED_OBJC_IMPLEMENTATIONS = YES;
				CLANG_WARN_DIRECT_OBJC_ISA_USAGE = YES_ERROR;
				CLANG_WARN_DOCUMENTATION_COMMENTS = YES;
				CLANG_WARN_EMPTY_BODY = YES;
				CLANG_WARN_ENUM_CONVERSION = YES;
				CLANG_WARN_INFINITE_RECURSION = YES;
				CLANG_WARN_INT_CONVERSION = YES;
				CLANG_WARN_NON_LITERAL_NULL_CONVERSION = YES;
				CLANG_WARN_OBJC_IMPLICIT_RETAIN_SELF = YES;
				CLANG_WARN_OBJC_LITERAL_CONVERSION = YES;
				CLANG_WARN_OBJC_ROOT_CLASS = YES_ERROR;
				CLANG_WARN_RANGE_LOOP_ANALYSIS = YES;
				CLANG_WARN_STRICT_PROTOTYPES = YES;
				CLANG_WARN_SUSPICIOUS_MOVE = YES;
				CLANG_WARN_UNGUARDED_AVAILABILITY = YES_AGGRESSIVE;
				CLANG_WARN_UNREACHABLE_CODE = YES;
				CLANG_WARN__DUPLICATE_METHOD_MATCH = YES;
				CODE_SIGN_IDENTITY = "iPhone Developer";
				COPY_PHASE_STRIP = NO;
				DEBUG_INFORMATION_FORMAT = "dwarf-with-dsym";
				ENABLE_NS_ASSERTIONS = NO;
				ENABLE_STRICT_OBJC_MSGSEND = YES;
				GCC_C_LANGUAGE_STANDARD = gnu11;
				GCC_NO_COMMON_BLOCKS = YES;
				GCC_WARN_64_TO_32_BIT_CONVERSION = YES;
				GCC_WARN_ABOUT_RETURN_TYPE = YES_ERROR;
				GCC_WARN_UNDECLARED_SELECTOR = YES;
				GCC_WARN_UNINITIALIZED_AUTOS = YES_AGGRESSIVE;
				GCC_WARN_UNUSED_FUNCTION = YES;
				GCC_WARN_UNUSED_VARIABLE = YES;
				IPHONEOS_DEPLOYMENT_TARGET = 12.2;
				MTL_ENABLE_DEBUG_INFO = NO;
				MTL_FAST_MATH = YES;
				SDKROOT = iphoneos;
				SWIFT_COMPILATION_MODE = wholemodule;
				SWIFT_OPTIMIZATION_LEVEL = "-O";
				VALIDATE_PRODUCT = YES;
			};
			name = Release;
		};
		1EEE407F225D5A0F00D379C8 /* Debug */ = {
			isa = XCBuildConfiguration;
			baseConfigurationReference = 0F9BE00DED4DE9B747287866 /* Pods-TIQuiz.debug.xcconfig */;
			buildSettings = {
				ASSETCATALOG_COMPILER_APPICON_NAME = AppIcon;
				CODE_SIGN_STYLE = Automatic;
				DEVELOPMENT_TEAM = QK9CM4BUJ8;
				INFOPLIST_FILE = TIQuiz/Info.plist;
				LD_RUNPATH_SEARCH_PATHS = (
					"$(inherited)",
					"@executable_path/Frameworks",
				);
				PRODUCT_BUNDLE_IDENTIFIER = com.andrezamoreira.tiquiz;
				PRODUCT_NAME = "$(TARGET_NAME)";
				SWIFT_VERSION = 5.0;
				TARGETED_DEVICE_FAMILY = "1,2";
			};
			name = Debug;
		};
		1EEE4080225D5A0F00D379C8 /* Release */ = {
			isa = XCBuildConfiguration;
			baseConfigurationReference = A29AB416D507B30D2989B129 /* Pods-TIQuiz.release.xcconfig */;
			buildSettings = {
				ASSETCATALOG_COMPILER_APPICON_NAME = AppIcon;
				CODE_SIGN_STYLE = Automatic;
				DEVELOPMENT_TEAM = QK9CM4BUJ8;
				INFOPLIST_FILE = TIQuiz/Info.plist;
				LD_RUNPATH_SEARCH_PATHS = (
					"$(inherited)",
					"@executable_path/Frameworks",
				);
				PRODUCT_BUNDLE_IDENTIFIER = com.andrezamoreira.tiquiz;
				PRODUCT_NAME = "$(TARGET_NAME)";
				SWIFT_VERSION = 5.0;
				TARGETED_DEVICE_FAMILY = "1,2";
			};
			name = Release;
		};
/* End XCBuildConfiguration section */

/* Begin XCConfigurationList section */
		1EEE4067225D5A0C00D379C8 /* Build configuration list for PBXProject "TIQuiz" */ = {
			isa = XCConfigurationList;
			buildConfigurations = (
				1EEE407C225D5A0F00D379C8 /* Debug */,
				1EEE407D225D5A0F00D379C8 /* Release */,
			);
			defaultConfigurationIsVisible = 0;
			defaultConfigurationName = Release;
		};
		1EEE407E225D5A0F00D379C8 /* Build configuration list for PBXNativeTarget "TIQuiz" */ = {
			isa = XCConfigurationList;
			buildConfigurations = (
				1EEE407F225D5A0F00D379C8 /* Debug */,
				1EEE4080225D5A0F00D379C8 /* Release */,
			);
			defaultConfigurationIsVisible = 0;
			defaultConfigurationName = Release;
		};
/* End XCConfigurationList section */
	};
	rootObject = 1EEE4064225D5A0C00D379C8 /* Project object */;
}
